
Microsoft Visual Studio Solution File, Format Version 12.00
# Visual Studio 15
VisualStudioVersion = 15.0.28307.489
MinimumVisualStudioVersion = 10.0.40219.1
Project("{FAE04EC0-301F-11D3-BF4B-00C04F79EFBC}") = "Web.Client", "Web.Client\Web.Client.csproj", "{12721F8D-A2A6-4C48-8166-E905EB056EDF}"
EndProject
Project("{FAE04EC0-301F-11D3-BF4B-00C04F79EFBC}") = "FeedBack", "FeedBack\FeedBack.csproj", "{A04190F5-FBDD-41FA-A4C4-A58460DC6AF4}"
EndProject
Global
	GlobalSection(SolutionConfigurationPlatforms) = preSolution
		Debug|Any CPU = Debug|Any CPU
		Release|Any CPU = Release|Any CPU
	EndGlobalSection
	GlobalSection(ProjectConfigurationPlatforms) = postSolution
		{12721F8D-A2A6-4C48-8166-E905EB056EDF}.Debug|Any CPU.ActiveCfg = Debug|Any CPU
		{12721F8D-A2A6-4C48-8166-E905EB056EDF}.Debug|Any CPU.Build.0 = Debug|Any CPU
		{12721F8D-A2A6-4C48-8166-E905EB056EDF}.Release|Any CPU.ActiveCfg = Release|Any CPU
		{12721F8D-A2A6-4C48-8166-E905EB056EDF}.Release|Any CPU.Build.0 = Release|Any CPU
		{A04190F5-FBDD-41FA-A4C4-A58460DC6AF4}.Debug|Any CPU.ActiveCfg = Debug|Any CPU
		{A04190F5-FBDD-41FA-A4C4-A58460DC6AF4}.Debug|Any CPU.Build.0 = Debug|Any CPU
		{A04190F5-FBDD-41FA-A4C4-A58460DC6AF4}.Release|Any CPU.ActiveCfg = Release|Any CPU
		{A04190F5-FBDD-41FA-A4C4-A58460DC6AF4}.Release|Any CPU.Build.0 = Release|Any CPU
	EndGlobalSection
	GlobalSection(SolutionProperties) = preSolution
		HideSolutionNode = FALSE
	EndGlobalSection
	GlobalSection(ExtensibilityGlobals) = postSolution
		SolutionGuid = {D0393C7A-0605-47F0-89FC-678782F7AA33}
	EndGlobalSection
EndGlobal
